{
	"name": "sheetloaf",
	"version": "1.0.0-0",
	"lockfileVersion": 2,
	"requires": true,
	"packages": {
		"": {
			"name": "sheetloaf",
			"version": "1.0.0-0",
			"license": "MIT",
			"dependencies": {
				"commander": "^8.1.0"
			},
			"bin": {
				"sheetloaf": "dist/index.js"
			},
			"devDependencies": {
				"rollup": "^2.56.3"
			}
		},
		"node_modules/commander": {
			"version": "8.1.0",
			"resolved": "https://registry.npmjs.org/commander/-/commander-8.1.0.tgz",
			"integrity": "sha512-mf45ldcuHSYShkplHHGKWb4TrmwQadxOn7v4WuhDJy0ZVoY5JFajaRDKD0PNe5qXzBX0rhovjTnP6Kz9LETcuA==",
			"engines": {
				"node": ">= 12"
			}
		},
		"node_modules/fsevents": {
			"version": "2.3.2",
			"resolved": "https://registry.npmjs.org/fsevents/-/fsevents-2.3.2.tgz",
			"integrity": "sha512-xiqMQR4xAeHTuB9uWm+fFRcIOgKBMiOBP+eXiyT7jsgVCq1bkVygt00oASowB7EdtpOHaaPgKt812P9ab+DDKA==",
			"dev": true,
			"hasInstallScript": true,
			"optional": true,
			"os": [
				"darwin"
			],
			"engines": {
				"node": "^8.16.0 || ^10.6.0 || >=11.0.0"
			}
		},
		"node_modules/rollup": {
			"version": "2.56.3",
			"resolved": "https://registry.npmjs.org/rollup/-/rollup-2.56.3.tgz",
			"integrity": "sha512-Au92NuznFklgQCUcV96iXlxUbHuB1vQMaH76DHl5M11TotjOHwqk9CwcrT78+Tnv4FN9uTBxq6p4EJoYkpyekg==",
			"dev": true,
			"bin": {
				"rollup": "dist/bin/rollup"
			},
			"engines": {
				"node": ">=10.0.0"
			},
			"optionalDependencies": {
				"fsevents": "~2.3.2"
			}
		}
	},
	"dependencies": {
		"commander": {
			"version": "8.1.0",
			"resolved": "https://registry.npmjs.org/commander/-/commander-8.1.0.tgz",
			"integrity": "sha512-mf45ldcuHSYShkplHHGKWb4TrmwQadxOn7v4WuhDJy0ZVoY5JFajaRDKD0PNe5qXzBX0rhovjTnP6Kz9LETcuA=="
		},
		"fsevents": {
			"version": "2.3.2",
			"resolved": "https://registry.npmjs.org/fsevents/-/fsevents-2.3.2.tgz",
			"integrity": "sha512-xiqMQR4xAeHTuB9uWm+fFRcIOgKBMiOBP+eXiyT7jsgVCq1bkVygt00oASowB7EdtpOHaaPgKt812P9ab+DDKA==",
			"dev": true,
			"optional": true
		},
		"rollup": {
			"version": "2.56.3",
			"resolved": "https://registry.npmjs.org/rollup/-/rollup-2.56.3.tgz",
			"integrity": "sha512-Au92NuznFklgQCUcV96iXlxUbHuB1vQMaH76DHl5M11TotjOHwqk9CwcrT78+Tnv4FN9uTBxq6p4EJoYkpyekg==",
			"dev": true,
			"requires": {
				"fsevents": "~2.3.2"
			}
		}
	}
}
